
Microsoft Visual Studio Solution File, Format Version 12.00
# Visual Studio Version 16
VisualStudioVersion = 16.0.30717.126
MinimumVisualStudioVersion = 10.0.40219.1
Project("{8BC9CEB8-8B4A-11D0-8D11-00A0C91BC942}") = "Lab11-TProc", "Lab11-TProc.vcxproj", "{2EDE7F5C-308A-4ED7-B109-721C64FBF9FB}"
EndProject
Project("{8BC9CEB8-8B4A-11D0-8D11-00A0C91BC942}") = "TProcUnitTests", "TProcUnitTests\TProcUnitTests.vcxproj", "{BAD9EF4E-0443-4BD1-9EDD-5BEF18EBC21A}"
EndProject
Global
	GlobalSection(SolutionConfigurationPlatforms) = preSolution
		Debug|x64 = Debug|x64
		Debug|x86 = Debug|x86
		Release|x64 = Release|x64
		Release|x86 = Release|x86
	EndGlobalSection
	GlobalSection(ProjectConfigurationPlatforms) = postSolution
		{2EDE7F5C-308A-4ED7-B109-721C64FBF9FB}.Debug|x64.ActiveCfg = Debug|x64
		{2EDE7F5C-308A-4ED7-B109-721C64FBF9FB}.Debug|x64.Build.0 = Debug|x64
		{2EDE7F5C-308A-4ED7-B109-721C64FBF9FB}.Debug|x86.ActiveCfg = Debug|Win32
		{2EDE7F5C-308A-4ED7-B109-721C64FBF9FB}.Debug|x86.Build.0 = Debug|Win32
		{2EDE7F5C-308A-4ED7-B109-721C64FBF9FB}.Release|x64.ActiveCfg = Release|x64
		{2EDE7F5C-308A-4ED7-B109-721C64FBF9FB}.Release|x64.Build.0 = Release|x64
		{2EDE7F5C-308A-4ED7-B109-721C64FBF9FB}.Release|x86.ActiveCfg = Release|Win32
		{2EDE7F5C-308A-4ED7-B109-721C64FBF9FB}.Release|x86.Build.0 = Release|Win32
		{BAD9EF4E-0443-4BD1-9EDD-5BEF18EBC21A}.Debug|x64.ActiveCfg = Debug|x64
		{BAD9EF4E-0443-4BD1-9EDD-5BEF18EBC21A}.Debug|x64.Build.0 = Debug|x64
		{BAD9EF4E-0443-4BD1-9EDD-5BEF18EBC21A}.Debug|x86.ActiveCfg = Debug|Win32
		{BAD9EF4E-0443-4BD1-9EDD-5BEF18EBC21A}.Debug|x86.Build.0 = Debug|Win32
		{BAD9EF4E-0443-4BD1-9EDD-5BEF18EBC21A}.Release|x64.ActiveCfg = Release|x64
		{BAD9EF4E-0443-4BD1-9EDD-5BEF18EBC21A}.Release|x64.Build.0 = Release|x64
		{BAD9EF4E-0443-4BD1-9EDD-5BEF18EBC21A}.Release|x86.ActiveCfg = Release|Win32
		{BAD9EF4E-0443-4BD1-9EDD-5BEF18EBC21A}.Release|x86.Build.0 = Release|Win32
	EndGlobalSection
	GlobalSection(SolutionProperties) = preSolution
		HideSolutionNode = FALSE
	EndGlobalSection
	GlobalSection(ExtensibilityGlobals) = postSolution
		SolutionGuid = {68C2F7CF-BCBA-47D8-A8BE-CD51BEA4ECB5}
	EndGlobalSection
EndGlobal
