
Microsoft Visual Studio Solution File, Format Version 12.00
# Visual Studio Version 16
VisualStudioVersion = 16.0.30523.141
MinimumVisualStudioVersion = 10.0.40219.1
Project("{8BC9CEB8-8B4A-11D0-8D11-00A0C91BC942}") = "Lab5-ComplexNumber", "Lab5-ComplexNumber.vcxproj", "{0277CC28-4AB8-472A-9A50-CDCAC7E43F88}"
EndProject
Project("{8BC9CEB8-8B4A-11D0-8D11-00A0C91BC942}") = "Lab5-ComplexNumberUnitTests", "Lab5-ComplexNumberUnitTests\Lab5-ComplexNumberUnitTests.vcxproj", "{16E5676C-69DA-4EE3-81C8-99438A6274CE}"
EndProject
Global
	GlobalSection(SolutionConfigurationPlatforms) = preSolution
		Debug|x64 = Debug|x64
		Debug|x86 = Debug|x86
		Release|x64 = Release|x64
		Release|x86 = Release|x86
	EndGlobalSection
	GlobalSection(ProjectConfigurationPlatforms) = postSolution
		{0277CC28-4AB8-472A-9A50-CDCAC7E43F88}.Debug|x64.ActiveCfg = Debug|x64
		{0277CC28-4AB8-472A-9A50-CDCAC7E43F88}.Debug|x64.Build.0 = Debug|x64
		{0277CC28-4AB8-472A-9A50-CDCAC7E43F88}.Debug|x86.ActiveCfg = Debug|Win32
		{0277CC28-4AB8-472A-9A50-CDCAC7E43F88}.Debug|x86.Build.0 = Debug|Win32
		{0277CC28-4AB8-472A-9A50-CDCAC7E43F88}.Release|x64.ActiveCfg = Release|x64
		{0277CC28-4AB8-472A-9A50-CDCAC7E43F88}.Release|x64.Build.0 = Release|x64
		{0277CC28-4AB8-472A-9A50-CDCAC7E43F88}.Release|x86.ActiveCfg = Release|Win32
		{0277CC28-4AB8-472A-9A50-CDCAC7E43F88}.Release|x86.Build.0 = Release|Win32
		{16E5676C-69DA-4EE3-81C8-99438A6274CE}.Debug|x64.ActiveCfg = Debug|x64
		{16E5676C-69DA-4EE3-81C8-99438A6274CE}.Debug|x64.Build.0 = Debug|x64
		{16E5676C-69DA-4EE3-81C8-99438A6274CE}.Debug|x86.ActiveCfg = Debug|Win32
		{16E5676C-69DA-4EE3-81C8-99438A6274CE}.Debug|x86.Build.0 = Debug|Win32
		{16E5676C-69DA-4EE3-81C8-99438A6274CE}.Release|x64.ActiveCfg = Release|x64
		{16E5676C-69DA-4EE3-81C8-99438A6274CE}.Release|x64.Build.0 = Release|x64
		{16E5676C-69DA-4EE3-81C8-99438A6274CE}.Release|x86.ActiveCfg = Release|Win32
		{16E5676C-69DA-4EE3-81C8-99438A6274CE}.Release|x86.Build.0 = Release|Win32
	EndGlobalSection
	GlobalSection(SolutionProperties) = preSolution
		HideSolutionNode = FALSE
	EndGlobalSection
	GlobalSection(ExtensibilityGlobals) = postSolution
		SolutionGuid = {547D42DF-E5CF-4202-BDC2-755DB3D41BFB}
	EndGlobalSection
EndGlobal
