
Microsoft Visual Studio Solution File, Format Version 12.00
# Visual Studio Version 16
VisualStudioVersion = 16.0.30503.244
MinimumVisualStudioVersion = 10.0.40219.1
Project("{9A19103F-16F7-4668-BE54-9A1E7A4F7556}") = "ClassLibrary1", "ClassLibrary1.csproj", "{B7AE44AD-A6C6-4B69-83C5-B3F0A7C44D66}"
EndProject
Project("{9A19103F-16F7-4668-BE54-9A1E7A4F7556}") = "UnitTestLibrary1", "..\UnitTestLibrary1\UnitTestLibrary1.csproj", "{714790A4-4C08-4E60-87E0-B59FB9959E2A}"
EndProject
Project("{FAE04EC0-301F-11D3-BF4B-00C04F79EFBC}") = "Example", "..\Example\Example.csproj", "{C5C594C2-7D9B-4634-86F1-95FBA2C0FBC8}"
EndProject
Global
	GlobalSection(SolutionConfigurationPlatforms) = preSolution
		Debug|Any CPU = Debug|Any CPU
		Release|Any CPU = Release|Any CPU
	EndGlobalSection
	GlobalSection(ProjectConfigurationPlatforms) = postSolution
		{B7AE44AD-A6C6-4B69-83C5-B3F0A7C44D66}.Debug|Any CPU.ActiveCfg = Debug|Any CPU
		{B7AE44AD-A6C6-4B69-83C5-B3F0A7C44D66}.Debug|Any CPU.Build.0 = Debug|Any CPU
		{B7AE44AD-A6C6-4B69-83C5-B3F0A7C44D66}.Release|Any CPU.ActiveCfg = Release|Any CPU
		{B7AE44AD-A6C6-4B69-83C5-B3F0A7C44D66}.Release|Any CPU.Build.0 = Release|Any CPU
		{714790A4-4C08-4E60-87E0-B59FB9959E2A}.Debug|Any CPU.ActiveCfg = Debug|Any CPU
		{714790A4-4C08-4E60-87E0-B59FB9959E2A}.Debug|Any CPU.Build.0 = Debug|Any CPU
		{714790A4-4C08-4E60-87E0-B59FB9959E2A}.Release|Any CPU.ActiveCfg = Release|Any CPU
		{714790A4-4C08-4E60-87E0-B59FB9959E2A}.Release|Any CPU.Build.0 = Release|Any CPU
		{C5C594C2-7D9B-4634-86F1-95FBA2C0FBC8}.Debug|Any CPU.ActiveCfg = Debug|Any CPU
		{C5C594C2-7D9B-4634-86F1-95FBA2C0FBC8}.Debug|Any CPU.Build.0 = Debug|Any CPU
		{C5C594C2-7D9B-4634-86F1-95FBA2C0FBC8}.Release|Any CPU.ActiveCfg = Release|Any CPU
		{C5C594C2-7D9B-4634-86F1-95FBA2C0FBC8}.Release|Any CPU.Build.0 = Release|Any CPU
	EndGlobalSection
	GlobalSection(SolutionProperties) = preSolution
		HideSolutionNode = FALSE
	EndGlobalSection
	GlobalSection(ExtensibilityGlobals) = postSolution
		SolutionGuid = {2B804704-7FBC-4399-B02C-04B53C27672B}
	EndGlobalSection
EndGlobal
